
Microsoft Visual Studio Solution File, Format Version 12.00
# Visual Studio Version 17
VisualStudioVersion = 17.9.34728.123
MinimumVisualStudioVersion = 10.0.40219.1
Project("{9A19103F-16F7-4668-BE54-9A1E7A4F7556}") = "RedisCache", "RedisCache\RedisCache.csproj", "{D50A2866-86EB-48D5-A21C-0041446D19D6}"
EndProject
Global
	GlobalSection(SolutionConfigurationPlatforms) = preSolution
		Debug|Any CPU = Debug|Any CPU
		Release|Any CPU = Release|Any CPU
	EndGlobalSection
	GlobalSection(ProjectConfigurationPlatforms) = postSolution
		{D50A2866-86EB-48D5-A21C-0041446D19D6}.Debug|Any CPU.ActiveCfg = Debug|Any CPU
		{D50A2866-86EB-48D5-A21C-0041446D19D6}.Debug|Any CPU.Build.0 = Debug|Any CPU
		{D50A2866-86EB-48D5-A21C-0041446D19D6}.Release|Any CPU.ActiveCfg = Release|Any CPU
		{D50A2866-86EB-48D5-A21C-0041446D19D6}.Release|Any CPU.Build.0 = Release|Any CPU
	EndGlobalSection
	GlobalSection(SolutionProperties) = preSolution
		HideSolutionNode = FALSE
	EndGlobalSection
	GlobalSection(ExtensibilityGlobals) = postSolution
		SolutionGuid = {0ADD294A-0AEF-4CEA-971B-CA6E28885299}
	EndGlobalSection
EndGlobal
